
Microsoft Visual Studio Solution File, Format Version 12.00
# Visual Studio Version 17
VisualStudioVersion = 17.4.33213.308
MinimumVisualStudioVersion = 10.0.40219.1
Project("{FAE04EC0-301F-11D3-BF4B-00C04F79EFBC}") = "CardanoSharpTxBuilderDemo.Server", "Server\CardanoSharpTxBuilderDemo.Server.csproj", "{F5A3DD57-6A51-438B-B229-B8E69DF79D27}"
EndProject
Project("{FAE04EC0-301F-11D3-BF4B-00C04F79EFBC}") = "CardanoSharpTxBuilderDemo.Client", "Client\CardanoSharpTxBuilderDemo.Client.csproj", "{55576849-ADDF-4D90-9A22-47C085438DA6}"
EndProject
Project("{FAE04EC0-301F-11D3-BF4B-00C04F79EFBC}") = "CardanoSharpTxBuilderDemo.Shared", "Shared\CardanoSharpTxBuilderDemo.Shared.csproj", "{3EF23F30-32B6-4D29-AD48-BFBF7DA7EDA7}"
EndProject
Global
	GlobalSection(SolutionConfigurationPlatforms) = preSolution
		Debug|Any CPU = Debug|Any CPU
		Release|Any CPU = Release|Any CPU
	EndGlobalSection
	GlobalSection(ProjectConfigurationPlatforms) = postSolution
		{F5A3DD57-6A51-438B-B229-B8E69DF79D27}.Debug|Any CPU.ActiveCfg = Debug|Any CPU
		{F5A3DD57-6A51-438B-B229-B8E69DF79D27}.Debug|Any CPU.Build.0 = Debug|Any CPU
		{F5A3DD57-6A51-438B-B229-B8E69DF79D27}.Release|Any CPU.ActiveCfg = Release|Any CPU
		{F5A3DD57-6A51-438B-B229-B8E69DF79D27}.Release|Any CPU.Build.0 = Release|Any CPU
		{55576849-ADDF-4D90-9A22-47C085438DA6}.Debug|Any CPU.ActiveCfg = Debug|Any CPU
		{55576849-ADDF-4D90-9A22-47C085438DA6}.Debug|Any CPU.Build.0 = Debug|Any CPU
		{55576849-ADDF-4D90-9A22-47C085438DA6}.Release|Any CPU.ActiveCfg = Release|Any CPU
		{55576849-ADDF-4D90-9A22-47C085438DA6}.Release|Any CPU.Build.0 = Release|Any CPU
		{3EF23F30-32B6-4D29-AD48-BFBF7DA7EDA7}.Debug|Any CPU.ActiveCfg = Debug|Any CPU
		{3EF23F30-32B6-4D29-AD48-BFBF7DA7EDA7}.Debug|Any CPU.Build.0 = Debug|Any CPU
		{3EF23F30-32B6-4D29-AD48-BFBF7DA7EDA7}.Release|Any CPU.ActiveCfg = Release|Any CPU
		{3EF23F30-32B6-4D29-AD48-BFBF7DA7EDA7}.Release|Any CPU.Build.0 = Release|Any CPU
	EndGlobalSection
	GlobalSection(SolutionProperties) = preSolution
		HideSolutionNode = FALSE
	EndGlobalSection
	GlobalSection(ExtensibilityGlobals) = postSolution
		SolutionGuid = {8EB23BD8-9F62-41F3-861C-B6FF7C3EF584}
	EndGlobalSection
EndGlobal
